// !$*UTF8*$!
{
	archiveVersion = 1;
	classes = {
	};
	objectVersion = 56;
	objects = {

/* Begin PBXBuildFile section */
		55C1A5652D88D12B00FC1184 /* JollyApp.swift in Sources */ = {isa = PBXBuildFile; fileRef = 55C1A5642D88D12B00FC1184 /* JollyApp.swift */; };
		55C1A5672D88D12B00FC1184 /* ContentView.swift in Sources */ = {isa = PBXBuildFile; fileRef = 55C1A5662D88D12B00FC1184 /* ContentView.swift */; };
		55C1A5692D88D12D00FC1184 /* Assets.xcassets in Resources */ = {isa = PBXBuildFile; fileRef = 55C1A5682D88D12D00FC1184 /* Assets.xcassets */; };
		55C1A56C2D88D12D00FC1184 /* Preview Assets.xcassets in Resources */ = {isa = PBXBuildFile; fileRef = 55C1A56B2D88D12D00FC1184 /* Preview Assets.xcassets */; };
		55C1A5762D88D12D00FC1184 /* JollyTests.swift in Sources */ = {isa = PBXBuildFile; fileRef = 55C1A5752D88D12D00FC1184 /* JollyTests.swift */; };
		55C1A5802D88D12D00FC1184 /* JollyUITests.swift in Sources */ = {isa = PBXBuildFile; fileRef = 55C1A57F2D88D12D00FC1184 /* JollyUITests.swift */; };
		55C1A5822D88D12D00FC1184 /* JollyUITestsLaunchTests.swift in Sources */ = {isa = PBXBuildFile; fileRef = 55C1A5812D88D12D00FC1184 /* JollyUITestsLaunchTests.swift */; };
/* End PBXBuildFile section */

/* Begin PBXContainerItemProxy section */
		55C1A5722D88D12D00FC1184 /* PBXContainerItemProxy */ = {
			isa = PBXContainerItemProxy;
			containerPortal = 55C1A5592D88D12B00FC1184 /* Project object */;
			proxyType = 1;
			remoteGlobalIDString = 55C1A5602D88D12B00FC1184;
			remoteInfo = Jolly;
		};
		55C1A57C2D88D12D00FC1184 /* PBXContainerItemProxy */ = {
			isa = PBXContainerItemProxy;
			containerPortal = 55C1A5592D88D12B00FC1184 /* Project object */;
			proxyType = 1;
			remoteGlobalIDString = 55C1A5602D88D12B00FC1184;
			remoteInfo = Jolly;
		};
/* End PBXContainerItemProxy section */

/* Begin PBXFileReference section */
		55C1A5612D88D12B00FC1184 /* Jolly.app */ = {isa = PBXFileReference; explicitFileType = wrapper.application; includeInIndex = 0; path = Jolly.app; sourceTree = BUILT_PRODUCTS_DIR; };
		55C1A5642D88D12B00FC1184 /* JollyApp.swift */ = {isa = PBXFileReference; lastKnownFileType = sourcecode.swift; path = JollyApp.swift; sourceTree = "<group>"; };
		55C1A5662D88D12B00FC1184 /* ContentView.swift */ = {isa = PBXFileReference; lastKnownFileType = sourcecode.swift; path = ContentView.swift; sourceTree = "<group>"; };
		55C1A5682D88D12D00FC1184 /* Assets.xcassets */ = {isa = PBXFileReference; lastKnownFileType = folder.assetcatalog; path = Assets.xcassets; sourceTree = "<group>"; };
		55C1A56B2D88D12D00FC1184 /* Preview Assets.xcassets */ = {isa = PBXFileReference; lastKnownFileType = folder.assetcatalog; path = "Preview Assets.xcassets"; sourceTree = "<group>"; };
		55C1A5712D88D12D00FC1184 /* JollyTests.xctest */ = {isa = PBXFileReference; explicitFileType = wrapper.cfbundle; includeInIndex = 0; path = JollyTests.xctest; sourceTree = BUILT_PRODUCTS_DIR; };
		55C1A5752D88D12D00FC1184 /* JollyTests.swift */ = {isa = PBXFileReference; lastKnownFileType = sourcecode.swift; path = JollyTests.swift; sourceTree = "<group>"; };
		55C1A57B2D88D12D00FC1184 /* JollyUITests.xctest */ = {isa = PBXFileReference; explicitFileType = wrapper.cfbundle; includeInIndex = 0; path = JollyUITests.xctest; sourceTree = BUILT_PRODUCTS_DIR; };
		55C1A57F2D88D12D00FC1184 /* JollyUITests.swift */ = {isa = PBXFileReference; lastKnownFileType = sourcecode.swift; path = JollyUITests.swift; sourceTree = "<group>"; };
		55C1A5812D88D12D00FC1184 /* JollyUITestsLaunchTests.swift */ = {isa = PBXFileReference; lastKnownFileType = sourcecode.swift; path = JollyUITestsLaunchTests.swift; sourceTree = "<group>"; };
/* End PBXFileReference section */

/* Begin PBXFrameworksBuildPhase section */
		55C1A55E2D88D12B00FC1184 /* Frameworks */ = {
			isa = PBXFrameworksBuildPhase;
			buildActionMask = 2147483647;
			files = (
			);
			runOnlyForDeploymentPostprocessing = 0;
		};
		55C1A56E2D88D12D00FC1184 /* Frameworks */ = {
			isa = PBXFrameworksBuildPhase;
			buildActionMask = 2147483647;
			files = (
			);
			runOnlyForDeploymentPostprocessing = 0;
		};
		55C1A5782D88D12D00FC1184 /* Frameworks */ = {
			isa = PBXFrameworksBuildPhase;
			buildActionMask = 2147483647;
			files = (
			);
			runOnlyForDeploymentPostprocessing = 0;
		};
/* End PBXFrameworksBuildPhase section */

/* Begin PBXGroup section */
		55C1A5582D88D12B00FC1184 = {
			isa = PBXGroup;
			children = (
				55C1A5632D88D12B00FC1184 /* Jolly */,
				55C1A5742D88D12D00FC1184 /* JollyTests */,
				55C1A57E2D88D12D00FC1184 /* JollyUITests */,
				55C1A5622D88D12B00FC1184 /* Products */,
			);
			sourceTree = "<group>";
		};
		55C1A5622D88D12B00FC1184 /* Products */ = {
			isa = PBXGroup;
			children = (
				55C1A5612D88D12B00FC1184 /* Jolly.app */,
				55C1A5712D88D12D00FC1184 /* JollyTests.xctest */,
				55C1A57B2D88D12D00FC1184 /* JollyUITests.xctest */,
			);
			name = Products;
			sourceTree = "<group>";
		};
		55C1A5632D88D12B00FC1184 /* Jolly */ = {
			isa = PBXGroup;
			children = (
				55C1A5642D88D12B00FC1184 /* JollyApp.swift */,
				55C1A5662D88D12B00FC1184 /* ContentView.swift */,
				55C1A5682D88D12D00FC1184 /* Assets.xcassets */,
				55C1A56A2D88D12D00FC1184 /* Preview Content */,
			);
			path = Jolly;
			sourceTree = "<group>";
		};
		55C1A56A2D88D12D00FC1184 /* Preview Content */ = {
			isa = PBXGroup;
			children = (
				55C1A56B2D88D12D00FC1184 /* Preview Assets.xcassets */,
			);
			path = "Preview Content";
			sourceTree = "<group>";
		};
		55C1A5742D88D12D00FC1184 /* JollyTests */ = {
			isa = PBXGroup;
			children = (
				55C1A5752D88D12D00FC1184 /* JollyTests.swift */,
			);
			path = JollyTests;
			sourceTree = "<group>";
		};
		55C1A57E2D88D12D00FC1184 /* JollyUITests */ = {
			isa = PBXGroup;
			children = (
				55C1A57F2D88D12D00FC1184 /* JollyUITests.swift */,
				55C1A5812D88D12D00FC1184 /* JollyUITestsLaunchTests.swift */,
			);
			path = JollyUITests;
			sourceTree = "<group>";
		};
/* End PBXGroup section */

/* Begin PBXNativeTarget section */
		55C1A5602D88D12B00FC1184 /* Jolly */ = {
			isa = PBXNativeTarget;
			buildConfigurationList = 55C1A5852D88D12D00FC1184 /* Build configuration list for PBXNativeTarget "Jolly" */;
			buildPhases = (
				55C1A55D2D88D12B00FC1184 /* Sources */,
				55C1A55E2D88D12B00FC1184 /* Frameworks */,
				55C1A55F2D88D12B00FC1184 /* Resources */,
			);
			buildRules = (
			);
			dependencies = (
			);
			name = Jolly;
			productName = Jolly;
			productReference = 55C1A5612D88D12B00FC1184 /* Jolly.app */;
			productType = "com.apple.product-type.application";
		};
		55C1A5702D88D12D00FC1184 /* JollyTests */ = {
			isa = PBXNativeTarget;
			buildConfigurationList = 55C1A5882D88D12D00FC1184 /* Build configuration list for PBXNativeTarget "JollyTests" */;
			buildPhases = (
				55C1A56D2D88D12D00FC1184 /* Sources */,
				55C1A56E2D88D12D00FC1184 /* Frameworks */,
				55C1A56F2D88D12D00FC1184 /* Resources */,
			);
			buildRules = (
			);
			dependencies = (
				55C1A5732D88D12D00FC1184 /* PBXTargetDependency */,
			);
			name = JollyTests;
			productName = JollyTests;
			productReference = 55C1A5712D88D12D00FC1184 /* JollyTests.xctest */;
			productType = "com.apple.product-type.bundle.unit-test";
		};
		55C1A57A2D88D12D00FC1184 /* JollyUITests */ = {
			isa = PBXNativeTarget;
			buildConfigurationList = 55C1A58B2D88D12D00FC1184 /* Build configuration list for PBXNativeTarget "JollyUITests" */;
			buildPhases = (
				55C1A5772D88D12D00FC1184 /* Sources */,
				55C1A5782D88D12D00FC1184 /* Frameworks */,
				55C1A5792D88D12D00FC1184 /* Resources */,
			);
			buildRules = (
			);
			dependencies = (
				55C1A57D2D88D12D00FC1184 /* PBXTargetDependency */,
			);
			name = JollyUITests;
			productName = JollyUITests;
			productReference = 55C1A57B2D88D12D00FC1184 /* JollyUITests.xctest */;
			productType = "com.apple.product-type.bundle.ui-testing";
		};
/* End PBXNativeTarget section */

/* Begin PBXProject section */
		55C1A5592D88D12B00FC1184 /* Project object */ = {
			isa = PBXProject;
			attributes = {
				BuildIndependentTargetsInParallel = 1;
				LastSwiftUpdateCheck = 1520;
				LastUpgradeCheck = 1520;
				TargetAttributes = {
					55C1A5602D88D12B00FC1184 = {
						CreatedOnToolsVersion = 15.2;
					};
					55C1A5702D88D12D00FC1184 = {
						CreatedOnToolsVersion = 15.2;
						TestTargetID = 55C1A5602D88D12B00FC1184;
					};
					55C1A57A2D88D12D00FC1184 = {
						CreatedOnToolsVersion = 15.2;
						TestTargetID = 55C1A5602D88D12B00FC1184;
					};
				};
			};
			buildConfigurationList = 55C1A55C2D88D12B00FC1184 /* Build configuration list for PBXProject "Jolly" */;
			compatibilityVersion = "Xcode 14.0";
			developmentRegion = en;
			hasScannedForEncodings = 0;
			knownRegions = (
				en,
				Base,
			);
			mainGroup = 55C1A5582D88D12B00FC1184;
			productRefGroup = 55C1A5622D88D12B00FC1184 /* Products */;
			projectDirPath = "";
			projectRoot = "";
			targets = (
				55C1A5602D88D12B00FC1184 /* Jolly */,
				55C1A5702D88D12D00FC1184 /* JollyTests */,
				55C1A57A2D88D12D00FC1184 /* JollyUITests */,
			);
		};
/* End PBXProject section */

/* Begin PBXResourcesBuildPhase section */
		55C1A55F2D88D12B00FC1184 /* Resources */ = {
			isa = PBXResourcesBuildPhase;
			buildActionMask = 2147483647;
			files = (
				55C1A56C2D88D12D00FC1184 /* Preview Assets.xcassets in Resources */,
				55C1A5692D88D12D00FC1184 /* Assets.xcassets in Resources */,
			);
			runOnlyForDeploymentPostprocessing = 0;
		};
		55C1A56F2D88D12D00FC1184 /* Resources */ = {
			isa = PBXResourcesBuildPhase;
			buildActionMask = 2147483647;
			files = (
			);
			runOnlyForDeploymentPostprocessing = 0;
		};
		55C1A5792D88D12D00FC1184 /* Resources */ = {
			isa = PBXResourcesBuildPhase;
			buildActionMask = 2147483647;
			files = (
			);
			runOnlyForDeploymentPostprocessing = 0;
		};
/* End PBXResourcesBuildPhase section */

/* Begin PBXSourcesBuildPhase section */
		55C1A55D2D88D12B00FC1184 /* Sources */ = {
			isa = PBXSourcesBuildPhase;
			buildActionMask = 2147483647;
			files = (
				55C1A5672D88D12B00FC1184 /* ContentView.swift in Sources */,
				55C1A5652D88D12B00FC1184 /* JollyApp.swift in Sources */,
			);
			runOnlyForDeploymentPostprocessing = 0;
		};
		55C1A56D2D88D12D00FC1184 /* Sources */ = {
			isa = PBXSourcesBuildPhase;
			buildActionMask = 2147483647;
			files = (
				55C1A5762D88D12D00FC1184 /* JollyTests.swift in Sources */,
			);
			runOnlyForDeploymentPostprocessing = 0;
		};
		55C1A5772D88D12D00FC1184 /* Sources */ = {
			isa = PBXSourcesBuildPhase;
			buildActionMask = 2147483647;
			files = (
				55C1A5802D88D12D00FC1184 /* JollyUITests.swift in Sources */,
				55C1A5822D88D12D00FC1184 /* JollyUITestsLaunchTests.swift in Sources */,
			);
			runOnlyForDeploymentPostprocessing = 0;
		};
/* End PBXSourcesBuildPhase section */

/* Begin PBXTargetDependency section */
		55C1A5732D88D12D00FC1184 /* PBXTargetDependency */ = {
			isa = PBXTargetDependency;
			target = 55C1A5602D88D12B00FC1184 /* Jolly */;
			targetProxy = 55C1A5722D88D12D00FC1184 /* PBXContainerItemProxy */;
		};
		55C1A57D2D88D12D00FC1184 /* PBXTargetDependency */ = {
			isa = PBXTargetDependency;
			target = 55C1A5602D88D12B00FC1184 /* Jolly */;
			targetProxy = 55C1A57C2D88D12D00FC1184 /* PBXContainerItemProxy */;
		};
/* End PBXTargetDependency section */

/* Begin XCBuildConfiguration section */
		55C1A5832D88D12D00FC1184 /* Debug */ = {
			isa = XCBuildConfiguration;
			buildSettings = {
				ALWAYS_SEARCH_USER_PATHS = NO;
				ASSETCATALOG_COMPILER_GENERATE_SWIFT_ASSET_SYMBOL_EXTENSIONS = YES;
				CLANG_ANALYZER_NONNULL = YES;
				CLANG_ANALYZER_NUMBER_OBJECT_CONVERSION = YES_AGGRESSIVE;
				CLANG_CXX_LANGUAGE_STANDARD = "gnu++20";
				CLANG_ENABLE_MODULES = YES;
				CLANG_ENABLE_OBJC_ARC = YES;
				CLANG_ENABLE_OBJC_WEAK = YES;
				CLANG_WARN_BLOCK_CAPTURE_AUTORELEASING = YES;
				CLANG_WARN_BOOL_CONVERSION = YES;
				CLANG_WARN_COMMA = YES;
				CLANG_WARN_CONSTANT_CONVERSION = YES;
				CLANG_WARN_DEPRECATED_OBJC_IMPLEMENTATIONS = YES;
				CLANG_WARN_DIRECT_OBJC_ISA_USAGE = YES_ERROR;
				CLANG_WARN_DOCUMENTATION_COMMENTS = YES;
				CLANG_WARN_EMPTY_BODY = YES;
				CLANG_WARN_ENUM_CONVERSION = YES;
				CLANG_WARN_INFINITE_RECURSION = YES;
				CLANG_WARN_INT_CONVERSION = YES;
				CLANG_WARN_NON_LITERAL_NULL_CONVERSION = YES;
				CLANG_WARN_OBJC_IMPLICIT_RETAIN_SELF = YES;
				CLANG_WARN_OBJC_LITERAL_CONVERSION = YES;
				CLANG_WARN_OBJC_ROOT_CLASS = YES_ERROR;
				CLANG_WARN_QUOTED_INCLUDE_IN_FRAMEWORK_HEADER = YES;
				CLANG_WARN_RANGE_LOOP_ANALYSIS = YES;
				CLANG_WARN_STRICT_PROTOTYPES = YES;
				CLANG_WARN_SUSPICIOUS_MOVE = YES;
				CLANG_WARN_UNGUARDED_AVAILABILITY = YES_AGGRESSIVE;
				CLANG_WARN_UNREACHABLE_CODE = YES;
				CLANG_WARN__DUPLICATE_METHOD_MATCH = YES;
				COPY_PHASE_STRIP = NO;
				DEBUG_INFORMATION_FORMAT = dwarf;
				ENABLE_STRICT_OBJC_MSGSEND = YES;
				ENABLE_TESTABILITY = YES;
				ENABLE_USER_SCRIPT_SANDBOXING = YES;
				GCC_C_LANGUAGE_STANDARD = gnu17;
				GCC_DYNAMIC_NO_PIC = NO;
				GCC_NO_COMMON_BLOCKS = YES;
				GCC_OPTIMIZATION_LEVEL = 0;
				GCC_PREPROCESSOR_DEFINITIONS = (
					"DEBUG=1",
					"$(inherited)",
				);
				GCC_WARN_64_TO_32_BIT_CONVERSION = YES;
				GCC_WARN_ABOUT_RETURN_TYPE = YES_ERROR;
				GCC_WARN_UNDECLARED_SELECTOR = YES;
				GCC_WARN_UNINITIALIZED_AUTOS = YES_AGGRESSIVE;
				GCC_WARN_UNUSED_FUNCTION = YES;
				GCC_WARN_UNUSED_VARIABLE = YES;
				IPHONEOS_DEPLOYMENT_TARGET = 17.2;
				LOCALIZATION_PREFERS_STRING_CATALOGS = YES;
				MTL_ENABLE_DEBUG_INFO = INCLUDE_SOURCE;
				MTL_FAST_MATH = YES;
				ONLY_ACTIVE_ARCH = YES;
				SDKROOT = iphoneos;
				SWIFT_ACTIVE_COMPILATION_CONDITIONS = "DEBUG $(inherited)";
				SWIFT_OPTIMIZATION_LEVEL = "-Onone";
			};
			name = Debug;
		};
		55C1A5842D88D12D00FC1184 /* Release */ = {
			isa = XCBuildConfiguration;
			buildSettings = {
				ALWAYS_SEARCH_USER_PATHS = NO;
				ASSETCATALOG_COMPILER_GENERATE_SWIFT_ASSET_SYMBOL_EXTENSIONS = YES;
				CLANG_ANALYZER_NONNULL = YES;
				CLANG_ANALYZER_NUMBER_OBJECT_CONVERSION = YES_AGGRESSIVE;
				CLANG_CXX_LANGUAGE_STANDARD = "gnu++20";
				CLANG_ENABLE_MODULES = YES;
				CLANG_ENABLE_OBJC_ARC = YES;
				CLANG_ENABLE_OBJC_WEAK = YES;
				CLANG_WARN_BLOCK_CAPTURE_AUTORELEASING = YES;
				CLANG_WARN_BOOL_CONVERSION = YES;
				CLANG_WARN_COMMA = YES;
				CLANG_WARN_CONSTANT_CONVERSION = YES;
				CLANG_WARN_DEPRECATED_OBJC_IMPLEMENTATIONS = YES;
				CLANG_WARN_DIRECT_OBJC_ISA_USAGE = YES_ERROR;
				CLANG_WARN_DOCUMENTATION_COMMENTS = YES;
				CLANG_WARN_EMPTY_BODY = YES;
				CLANG_WARN_ENUM_CONVERSION = YES;
				CLANG_WARN_INFINITE_RECURSION = YES;
				CLANG_WARN_INT_CONVERSION = YES;
				CLANG_WARN_NON_LITERAL_NULL_CONVERSION = YES;
				CLANG_WARN_OBJC_IMPLICIT_RETAIN_SELF = YES;
				CLANG_WARN_OBJC_LITERAL_CONVERSION = YES;
				CLANG_WARN_OBJC_ROOT_CLASS = YES_ERROR;
				CLANG_WARN_QUOTED_INCLUDE_IN_FRAMEWORK_HEADER = YES;
				CLANG_WARN_RANGE_LOOP_ANALYSIS = YES;
				CLANG_WARN_STRICT_PROTOTYPES = YES;
				CLANG_WARN_SUSPICIOUS_MOVE = YES;
				CLANG_WARN_UNGUARDED_AVAILABILITY = YES_AGGRESSIVE;
				CLANG_WARN_UNREACHABLE_CODE = YES;
				CLANG_WARN__DUPLICATE_METHOD_MATCH = YES;
				COPY_PHASE_STRIP = NO;
				DEBUG_INFORMATION_FORMAT = "dwarf-with-dsym";
				ENABLE_NS_ASSERTIONS = NO;
				ENABLE_STRICT_OBJC_MSGSEND = YES;
				ENABLE_USER_SCRIPT_SANDBOXING = YES;
				GCC_C_LANGUAGE_STANDARD = gnu17;
				GCC_NO_COMMON_BLOCKS = YES;
				GCC_WARN_64_TO_32_BIT_CONVERSION = YES;
				GCC_WARN_ABOUT_RETURN_TYPE = YES_ERROR;
				GCC_WARN_UNDECLARED_SELECTOR = YES;
				GCC_WARN_UNINITIALIZED_AUTOS = YES_AGGRESSIVE;
				GCC_WARN_UNUSED_FUNCTION = YES;
				GCC_WARN_UNUSED_VARIABLE = YES;
				IPHONEOS_DEPLOYMENT_TARGET = 17.2;
				LOCALIZATION_PREFERS_STRING_CATALOGS = YES;
				MTL_ENABLE_DEBUG_INFO = NO;
				MTL_FAST_MATH = YES;
				SDKROOT = iphoneos;
				SWIFT_COMPILATION_MODE = wholemodule;
				VALIDATE_PRODUCT = YES;
			};
			name = Release;
		};
		55C1A5862D88D12D00FC1184 /* Debug */ = {
			isa = XCBuildConfiguration;
			buildSettings = {
				ASSETCATALOG_COMPILER_APPICON_NAME = AppIcon;
				ASSETCATALOG_COMPILER_GLOBAL_ACCENT_COLOR_NAME = AccentColor;
				CODE_SIGN_STYLE = Automatic;
				CURRENT_PROJECT_VERSION = 1;
				DEVELOPMENT_ASSET_PATHS = "\"Jolly/Preview Content\"";
				ENABLE_PREVIEWS = YES;
				GENERATE_INFOPLIST_FILE = YES;
				INFOPLIST_KEY_UIApplicationSceneManifest_Generation = YES;
				INFOPLIST_KEY_UIApplicationSupportsIndirectInputEvents = YES;
				INFOPLIST_KEY_UILaunchScreen_Generation = YES;
				INFOPLIST_KEY_UISupportedInterfaceOrientations_iPad = "UIInterfaceOrientationPortrait UIInterfaceOrientationPortraitUpsideDown UIInterfaceOrientationLandscapeLeft UIInterfaceOrientationLandscapeRight";
				INFOPLIST_KEY_UISupportedInterfaceOrientations_iPhone = "UIInterfaceOrientationPortrait UIInterfaceOrientationLandscapeLeft UIInterfaceOrientationLandscapeRight";
				LD_RUNPATH_SEARCH_PATHS = (
					"$(inherited)",
					"@executable_path/Frameworks",
				);
				MARKETING_VERSION = 1.0;
				PRODUCT_BUNDLE_IDENTIFIER = com.88technologies.Jolly;
				PRODUCT_NAME = "$(TARGET_NAME)";
				SWIFT_EMIT_LOC_STRINGS = YES;
				SWIFT_VERSION = 5.0;
				TARGETED_DEVICE_FAMILY = "1,2";
			};
			name = Debug;
		};
		55C1A5872D88D12D00FC1184 /* Release */ = {
			isa = XCBuildConfiguration;
			buildSettings = {
				ASSETCATALOG_COMPILER_APPICON_NAME = AppIcon;
				ASSETCATALOG_COMPILER_GLOBAL_ACCENT_COLOR_NAME = AccentColor;
				CODE_SIGN_STYLE = Automatic;
				CURRENT_PROJECT_VERSION = 1;
				DEVELOPMENT_ASSET_PATHS = "\"Jolly/Preview Content\"";
				ENABLE_PREVIEWS = YES;
				GENERATE_INFOPLIST_FILE = YES;
				INFOPLIST_KEY_UIApplicationSceneManifest_Generation = YES;
				INFOPLIST_KEY_UIApplicationSupportsIndirectInputEvents = YES;
				INFOPLIST_KEY_UILaunchScreen_Generation = YES;
				INFOPLIST_KEY_UISupportedInterfaceOrientations_iPad = "UIInterfaceOrientationPortrait UIInterfaceOrientationPortraitUpsideDown UIInterfaceOrientationLandscapeLeft UIInterfaceOrientationLandscapeRight";
				INFOPLIST_KEY_UISupportedInterfaceOrientations_iPhone = "UIInterfaceOrientationPortrait UIInterfaceOrientationLandscapeLeft UIInterfaceOrientationLandscapeRight";
				LD_RUNPATH_SEARCH_PATHS = (
					"$(inherited)",
					"@executable_path/Frameworks",
				);
				MARKETING_VERSION = 1.0;
				PRODUCT_BUNDLE_IDENTIFIER = com.88technologies.Jolly;
				PRODUCT_NAME = "$(TARGET_NAME)";
				SWIFT_EMIT_LOC_STRINGS = YES;
				SWIFT_VERSION = 5.0;
				TARGETED_DEVICE_FAMILY = "1,2";
			};
			name = Release;
		};
		55C1A5892D88D12D00FC1184 /* Debug */ = {
			isa = XCBuildConfiguration;
			buildSettings = {
				ALWAYS_EMBED_SWIFT_STANDARD_LIBRARIES = YES;
				BUNDLE_LOADER = "$(TEST_HOST)";
				CODE_SIGN_STYLE = Automatic;
				CURRENT_PROJECT_VERSION = 1;
				GENERATE_INFOPLIST_FILE = YES;
				IPHONEOS_DEPLOYMENT_TARGET = 17.2;
				MARKETING_VERSION = 1.0;
				PRODUCT_BUNDLE_IDENTIFIER = com.88technologies.JollyTests;
				PRODUCT_NAME = "$(TARGET_NAME)";
				SWIFT_EMIT_LOC_STRINGS = NO;
				SWIFT_VERSION = 5.0;
				TARGETED_DEVICE_FAMILY = "1,2";
				TEST_HOST = "$(BUILT_PRODUCTS_DIR)/Jolly.app/$(BUNDLE_EXECUTABLE_FOLDER_PATH)/Jolly";
			};
			name = Debug;
		};
		55C1A58A2D88D12D00FC1184 /* Release */ = {
			isa = XCBuildConfiguration;
			buildSettings = {
				ALWAYS_EMBED_SWIFT_STANDARD_LIBRARIES = YES;
				BUNDLE_LOADER = "$(TEST_HOST)";
				CODE_SIGN_STYLE = Automatic;
				CURRENT_PROJECT_VERSION = 1;
				GENERATE_INFOPLIST_FILE = YES;
				IPHONEOS_DEPLOYMENT_TARGET = 17.2;
				MARKETING_VERSION = 1.0;
				PRODUCT_BUNDLE_IDENTIFIER = com.88technologies.JollyTests;
				PRODUCT_NAME = "$(TARGET_NAME)";
				SWIFT_EMIT_LOC_STRINGS = NO;
				SWIFT_VERSION = 5.0;
				TARGETED_DEVICE_FAMILY = "1,2";
				TEST_HOST = "$(BUILT_PRODUCTS_DIR)/Jolly.app/$(BUNDLE_EXECUTABLE_FOLDER_PATH)/Jolly";
			};
			name = Release;
		};
		55C1A58C2D88D12D00FC1184 /* Debug */ = {
			isa = XCBuildConfiguration;
			buildSettings = {
				ALWAYS_EMBED_SWIFT_STANDARD_LIBRARIES = YES;
				CODE_SIGN_STYLE = Automatic;
				CURRENT_PROJECT_VERSION = 1;
				GENERATE_INFOPLIST_FILE = YES;
				MARKETING_VERSION = 1.0;
				PRODUCT_BUNDLE_IDENTIFIER = com.88technologies.JollyUITests;
				PRODUCT_NAME = "$(TARGET_NAME)";
				SWIFT_EMIT_LOC_STRINGS = NO;
				SWIFT_VERSION = 5.0;
				TARGETED_DEVICE_FAMILY = "1,2";
				TEST_TARGET_NAME = Jolly;
			};
			name = Debug;
		};
		55C1A58D2D88D12D00FC1184 /* Release */ = {
			isa = XCBuildConfiguration;
			buildSettings = {
				ALWAYS_EMBED_SWIFT_STANDARD_LIBRARIES = YES;
				CODE_SIGN_STYLE = Automatic;
				CURRENT_PROJECT_VERSION = 1;
				GENERATE_INFOPLIST_FILE = YES;
				MARKETING_VERSION = 1.0;
				PRODUCT_BUNDLE_IDENTIFIER = com.88technologies.JollyUITests;
				PRODUCT_NAME = "$(TARGET_NAME)";
				SWIFT_EMIT_LOC_STRINGS = NO;
				SWIFT_VERSION = 5.0;
				TARGETED_DEVICE_FAMILY = "1,2";
				TEST_TARGET_NAME = Jolly;
			};
			name = Release;
		};
/* End XCBuildConfiguration section */

/* Begin XCConfigurationList section */
		55C1A55C2D88D12B00FC1184 /* Build configuration list for PBXProject "Jolly" */ = {
			isa = XCConfigurationList;
			buildConfigurations = (
				55C1A5832D88D12D00FC1184 /* Debug */,
				55C1A5842D88D12D00FC1184 /* Release */,
			);
			defaultConfigurationIsVisible = 0;
			defaultConfigurationName = Release;
		};
		55C1A5852D88D12D00FC1184 /* Build configuration list for PBXNativeTarget "Jolly" */ = {
			isa = XCConfigurationList;
			buildConfigurations = (
				55C1A5862D88D12D00FC1184 /* Debug */,
				55C1A5872D88D12D00FC1184 /* Release */,
			);
			defaultConfigurationIsVisible = 0;
			defaultConfigurationName = Release;
		};
		55C1A5882D88D12D00FC1184 /* Build configuration list for PBXNativeTarget "JollyTests" */ = {
			isa = XCConfigurationList;
			buildConfigurations = (
				55C1A5892D88D12D00FC1184 /* Debug */,
				55C1A58A2D88D12D00FC1184 /* Release */,
			);
			defaultConfigurationIsVisible = 0;
			defaultConfigurationName = Release;
		};
		55C1A58B2D88D12D00FC1184 /* Build configuration list for PBXNativeTarget "JollyUITests" */ = {
			isa = XCConfigurationList;
			buildConfigurations = (
				55C1A58C2D88D12D00FC1184 /* Debug */,
				55C1A58D2D88D12D00FC1184 /* Release */,
			);
			defaultConfigurationIsVisible = 0;
			defaultConfigurationName = Release;
		};
/* End XCConfigurationList section */
	};
	rootObject = 55C1A5592D88D12B00FC1184 /* Project object */;
}
